
Microsoft Visual Studio Solution File, Format Version 12.00
# Visual Studio Version 17
VisualStudioVersion = 17.13.35828.75 d17.13
MinimumVisualStudioVersion = 10.0.40219.1
Project("{FAE04EC0-301F-11D3-BF4B-00C04F79EFBC}") = "Anonymous Functions and Delegates", "Anonymous Functions and Delegates.csproj", "{D4F096D9-2162-450D-87C6-05133F6F4BF2}"
EndProject
Global
	GlobalSection(SolutionConfigurationPlatforms) = preSolution
		Debug|Any CPU = Debug|Any CPU
		Release|Any CPU = Release|Any CPU
	EndGlobalSection
	GlobalSection(ProjectConfigurationPlatforms) = postSolution
		{D4F096D9-2162-450D-87C6-05133F6F4BF2}.Debug|Any CPU.ActiveCfg = Debug|Any CPU
		{D4F096D9-2162-450D-87C6-05133F6F4BF2}.Debug|Any CPU.Build.0 = Debug|Any CPU
		{D4F096D9-2162-450D-87C6-05133F6F4BF2}.Release|Any CPU.ActiveCfg = Release|Any CPU
		{D4F096D9-2162-450D-87C6-05133F6F4BF2}.Release|Any CPU.Build.0 = Release|Any CPU
	EndGlobalSection
	GlobalSection(SolutionProperties) = preSolution
		HideSolutionNode = FALSE
	EndGlobalSection
	GlobalSection(ExtensibilityGlobals) = postSolution
		SolutionGuid = {C2F21C9C-9EA4-49DD-B282-C5AF1442403C}
	EndGlobalSection
EndGlobal
