
Microsoft Visual Studio Solution File, Format Version 12.00
# Visual Studio Version 17
VisualStudioVersion = 17.13.35828.75 d17.13
MinimumVisualStudioVersion = 10.0.40219.1
Project("{FAE04EC0-301F-11D3-BF4B-00C04F79EFBC}") = "Using interfaces to replace conditionals with polymorphism", "Using interfaces to replace conditionals with polymorphism.csproj", "{09DED2CC-1733-4C8B-9AB9-2B10483293A4}"
EndProject
Global
	GlobalSection(SolutionConfigurationPlatforms) = preSolution
		Debug|Any CPU = Debug|Any CPU
		Release|Any CPU = Release|Any CPU
	EndGlobalSection
	GlobalSection(ProjectConfigurationPlatforms) = postSolution
		{09DED2CC-1733-4C8B-9AB9-2B10483293A4}.Debug|Any CPU.ActiveCfg = Debug|Any CPU
		{09DED2CC-1733-4C8B-9AB9-2B10483293A4}.Debug|Any CPU.Build.0 = Debug|Any CPU
		{09DED2CC-1733-4C8B-9AB9-2B10483293A4}.Release|Any CPU.ActiveCfg = Release|Any CPU
		{09DED2CC-1733-4C8B-9AB9-2B10483293A4}.Release|Any CPU.Build.0 = Release|Any CPU
	EndGlobalSection
	GlobalSection(SolutionProperties) = preSolution
		HideSolutionNode = FALSE
	EndGlobalSection
	GlobalSection(ExtensibilityGlobals) = postSolution
		SolutionGuid = {2D4A24A5-B5E5-462E-8626-D879A1005318}
	EndGlobalSection
EndGlobal
